
Microsoft Visual Studio Solution File, Format Version 12.00
# Visual Studio Version 16
VisualStudioVersion = 16.0.30717.126
MinimumVisualStudioVersion = 10.0.40219.1
Project("{9A19103F-16F7-4668-BE54-9A1E7A4F7556}") = "user-interface", "user-interface\user-interface.csproj", "{D4ECA9C5-7387-4F2A-902F-41838C2DF000}"
EndProject
Project("{2150E333-8FDC-42A3-9474-1A3956D46DE8}") = "OpenAPI", "OpenAPI", "{9A58588C-BEEA-4C87-96A7-CE6F8542D0C7}"
	ProjectSection(SolutionItems) = preProject
		OpenAPI\openapi.yaml = OpenAPI\openapi.yaml
	EndProjectSection
EndProject
Project("{9A19103F-16F7-4668-BE54-9A1E7A4F7556}") = "server", "server\server.csproj", "{92CF5F2E-F1F6-426F-B739-0417813E49AE}"
EndProject
Global
	GlobalSection(SolutionConfigurationPlatforms) = preSolution
		Debug|Any CPU = Debug|Any CPU
		Release|Any CPU = Release|Any CPU
	EndGlobalSection
	GlobalSection(ProjectConfigurationPlatforms) = postSolution
		{D4ECA9C5-7387-4F2A-902F-41838C2DF000}.Debug|Any CPU.ActiveCfg = Debug|Any CPU
		{D4ECA9C5-7387-4F2A-902F-41838C2DF000}.Debug|Any CPU.Build.0 = Debug|Any CPU
		{D4ECA9C5-7387-4F2A-902F-41838C2DF000}.Release|Any CPU.ActiveCfg = Release|Any CPU
		{D4ECA9C5-7387-4F2A-902F-41838C2DF000}.Release|Any CPU.Build.0 = Release|Any CPU
		{92CF5F2E-F1F6-426F-B739-0417813E49AE}.Debug|Any CPU.ActiveCfg = Debug|Any CPU
		{92CF5F2E-F1F6-426F-B739-0417813E49AE}.Debug|Any CPU.Build.0 = Debug|Any CPU
		{92CF5F2E-F1F6-426F-B739-0417813E49AE}.Release|Any CPU.ActiveCfg = Release|Any CPU
		{92CF5F2E-F1F6-426F-B739-0417813E49AE}.Release|Any CPU.Build.0 = Release|Any CPU
	EndGlobalSection
	GlobalSection(SolutionProperties) = preSolution
		HideSolutionNode = FALSE
	EndGlobalSection
	GlobalSection(ExtensibilityGlobals) = postSolution
		SolutionGuid = {3E5CBDEE-6708-4989-8209-CF3961820E08}
	EndGlobalSection
EndGlobal
